
Microsoft Visual Studio Solution File, Format Version 12.00
# Visual Studio Version 16
VisualStudioVersion = 16.0.31624.102
MinimumVisualStudioVersion = 10.0.40219.1
Project("{FAE04EC0-301F-11D3-BF4B-00C04F79EFBC}") = "06_WPF_CSHARP_COMMUNICATIE", "06_WPF_CSHARP_COMMUNICATIE\06_WPF_CSHARP_COMMUNICATIE.csproj", "{B40785D1-5616-4DDB-A48B-803EBAE366C9}"
EndProject
Global
	GlobalSection(SolutionConfigurationPlatforms) = preSolution
		Debug|Any CPU = Debug|Any CPU
		Release|Any CPU = Release|Any CPU
	EndGlobalSection
	GlobalSection(ProjectConfigurationPlatforms) = postSolution
		{B40785D1-5616-4DDB-A48B-803EBAE366C9}.Debug|Any CPU.ActiveCfg = Debug|Any CPU
		{B40785D1-5616-4DDB-A48B-803EBAE366C9}.Debug|Any CPU.Build.0 = Debug|Any CPU
		{B40785D1-5616-4DDB-A48B-803EBAE366C9}.Release|Any CPU.ActiveCfg = Release|Any CPU
		{B40785D1-5616-4DDB-A48B-803EBAE366C9}.Release|Any CPU.Build.0 = Release|Any CPU
	EndGlobalSection
	GlobalSection(SolutionProperties) = preSolution
		HideSolutionNode = FALSE
	EndGlobalSection
	GlobalSection(ExtensibilityGlobals) = postSolution
		SolutionGuid = {0D6E7114-92F8-45C7-8B30-AE613F185E12}
	EndGlobalSection
EndGlobal
